lockfileVersion: '6.0'

settings:
  autoInstallPeers: true
  excludeLinksFromLockfile: false

dependencies:
  chrome-remote-interface:
    specifier: ^0.32.2
    version: registry.npmmirror.com/chrome-remote-interface@0.32.2
  source-map-support:
    specifier: ^0.5.21
    version: registry.npmmirror.com/source-map-support@0.5.21

devDependencies:
  '@types/node':
    specifier: ^20.3.1
    version: registry.npmmirror.com/@types/node@20.3.1

packages:

  registry.npmmirror.com/@types/node@20.3.1:
    resolution: {integrity: sha512-EhcH/wvidPy1WeML3TtYFGR83UzjxeWRen9V402T8aUGYsCHOmfoisV3ZSg03gAFIbLq8TnWOJ0f4cALtnSEUg==, registry: http://registry.npm.taobao.org/, tarball: https://registry.npmmirror.com/@types/node/-/node-20.3.1.tgz}
    name: '@types/node'
    version: 20.3.1
    dev: true

  registry.npmmirror.com/buffer-from@1.1.2:
    resolution: {integrity: sha512-E+XQCRwSbaaiChtv6k6Dwgc+bx+Bs6vuKJHHl5kox/BaKbhiXzqQOwK4cO22yElGp2OCmjwVhT3HmxgyPGnJfQ==, registry: http://registry.npm.taobao.org/, tarball: https://registry.npmmirror.com/buffer-from/-/buffer-from-1.1.2.tgz}
    name: buffer-from
    version: 1.1.2
    dev: false

  registry.npmmirror.com/chrome-remote-interface@0.32.2:
    resolution: {integrity: sha512-3UbFKtEmqApehPQnqdblcggx7KveQphEMKQmdJZsOguE9ylw2N2/9Z7arO7xS55+DBJ/hyP8RrayLt4MMdJvQg==, registry: http://registry.npm.taobao.org/, tarball: https://registry.npmmirror.com/chrome-remote-interface/-/chrome-remote-interface-0.32.2.tgz}
    name: chrome-remote-interface
    version: 0.32.2
    hasBin: true
    dependencies:
      commander: registry.npmmirror.com/commander@2.11.0
      ws: registry.npmmirror.com/ws@7.5.9
    transitivePeerDependencies:
      - bufferutil
      - utf-8-validate
    dev: false

  registry.npmmirror.com/commander@2.11.0:
    resolution: {integrity: sha512-b0553uYA5YAEGgyYIGYROzKQ7X5RAqedkfjiZxwi0kL1g3bOaBNNZfYkzt/CL0umgD5wc9Jec2FbB98CjkMRvQ==, registry: http://registry.npm.taobao.org/, tarball: https://registry.npmmirror.com/commander/-/commander-2.11.0.tgz}
    name: commander
    version: 2.11.0
    dev: false

  registry.npmmirror.com/source-map-support@0.5.21:
    resolution: {integrity: sha512-uBHU3L3czsIyYXKX88fdrGovxdSCoTGDRZ6SYXtSRxLZUzHg5P/66Ht6uoUlHu9EZod+inXhKo3qQgwXUT/y1w==, registry: http://registry.npm.taobao.org/, tarball: https://registry.npmmirror.com/source-map-support/-/source-map-support-0.5.21.tgz}
    name: source-map-support
    version: 0.5.21
    dependencies:
      buffer-from: registry.npmmirror.com/buffer-from@1.1.2
      source-map: registry.npmmirror.com/source-map@0.6.1
    dev: false

  registry.npmmirror.com/source-map@0.6.1:
    resolution: {integrity: sha512-UjgapumWlbMhkBgzT7Ykc5YXUT46F0iKu8SGXq0bcwP5dz/h0Plj6enJqjz1Zbq2l5WaqYnrVbwWOWMyF3F47g==, registry: http://registry.npm.taobao.org/, tarball: https://registry.npmmirror.com/source-map/-/source-map-0.6.1.tgz}
    name: source-map
    version: 0.6.1
    engines: {node: '>=0.10.0'}
    dev: false

  registry.npmmirror.com/ws@7.5.9:
    resolution: {integrity: sha512-F+P9Jil7UiSKSkppIiD94dN07AwvFixvLIj1Og1Rl9GGMuNipJnV9JzjD6XuqmAeiswGvUmNLjr5cFuXwNS77Q==, registry: http://registry.npm.taobao.org/, tarball: https://registry.npmmirror.com/ws/-/ws-7.5.9.tgz}
    name: ws
    version: 7.5.9
    engines: {node: '>=8.3.0'}
    peerDependencies:
      bufferutil: ^4.0.1
      utf-8-validate: ^5.0.2
    peerDependenciesMeta:
      bufferutil:
        optional: true
      utf-8-validate:
        optional: true
    dev: false
